{
  "version": "5",
  "specifiers": {
    "jsr:@std/assert@1": "1.0.19",
    "jsr:@std/cli@1": "1.0.28",
    "jsr:@std/internal@^1.0.12": "1.0.12",
    "jsr:@std/path@1": "1.1.4",
    "npm:@digitalbazaar/data-integrity@^2.5.0": "2.5.0",
    "npm:@digitalbazaar/ed25519-multikey@^1.3.1": "1.3.1",
    "npm:@digitalbazaar/eddsa-rdfc-2022-cryptosuite@^1.1.0": "1.3.0",
    "npm:@digitalbazaar/vc@^7.1.2": "7.3.0",
    "npm:@pdf-lib/fontkit@^1.1.1": "1.1.1",
    "npm:pdf-lib@^1.17.1": "1.17.1",
    "npm:qrcode@^1.5.4": "1.5.4"
  },
  "jsr": {
    "@std/assert@1.0.19": {
      "integrity": "eaada96ee120cb980bc47e040f82814d786fe8162ecc53c91d8df60b8755991e",
      "dependencies": [
        "jsr:@std/internal"
      ]
    },
    "@std/cli@1.0.28": {
      "integrity": "74ef9b976db59ca6b23a5283469c9072be6276853807a83ec6c7ce412135c70a"
    },
    "@std/internal@1.0.12": {
      "integrity": "972a634fd5bc34b242024402972cd5143eac68d8dffaca5eaa4dba30ce17b027"
    },
    "@std/path@1.1.4": {
      "integrity": "1d2d43f39efb1b42f0b1882a25486647cb851481862dc7313390b2bb044314b5",
      "dependencies": [
        "jsr:@std/internal"
      ]
    }
  },
  "npm": {
    "@digitalbazaar/credentials-context@3.2.0": {
      "integrity": "sha512-WruXZAF182pCYq/z2JPJ4N4mVDu6pd/hr7widdCqbKekA53BXHoX7XhL9tmRmQ8kfmkaStBfla67QHhkchWYBQ=="
    },
    "@digitalbazaar/data-integrity@2.5.0": {
      "integrity": "sha512-ohIieLfgtPQU9BYfj0eKNiz55/ZDOk5YSE9FN/Hn0eXzI8WQzLkzRvC8pvBnzuzXDgCsjPdSqYvzok5PoClMBQ==",
      "dependencies": [
        "base58-universal",
        "base64url-universal",
        "jsonld-signatures"
      ]
    },
    "@digitalbazaar/ed25519-multikey@1.3.1": {
      "integrity": "sha512-55qIbOaAyswVCFfZ70ap7SN2bDSwYmcVbUtGCrpVF/CjuJ8IPqf6z8fDPJzB+CE7Q896SaZlcDukz4LOwIRCPA==",
      "dependencies": [
        "@noble/ed25519",
        "base58-universal",
        "base64url-universal"
      ]
    },
    "@digitalbazaar/eddsa-rdfc-2022-cryptosuite@1.3.0": {
      "integrity": "sha512-IcxYKnxYEaJ1xLEcsddIYb+ooQPQ8pM54NKDDH5eDpF8pEY5E/dqrkJv+o6yHUuoXDjwjhvPQSj6nE0rF32Q/w==",
      "dependencies": [
        "@digitalbazaar/ed25519-multikey",
        "jsonld",
        "rdf-canonize"
      ]
    },
    "@digitalbazaar/http-client@4.3.0": {
      "integrity": "sha512-6lMpxpt9BOmqHKGs9Xm6DP4LlZTBFer/ZjHvP3FcW3IaUWYIWC7dw5RFZnvw4fP57kAVcm1dp3IF+Y50qhBvAw==",
      "dependencies": [
        "ky",
        "undici"
      ]
    },
    "@digitalbazaar/security-context@1.0.1": {
      "integrity": "sha512-0WZa6tPiTZZF8leBtQgYAfXQePFQp2z5ivpCEN/iZguYYZ0TB9qRmWtan5XH6mNFuusHtMcyIzAcReyE6rZPhA=="
    },
    "@digitalbazaar/vc@7.3.0": {
      "integrity": "sha512-liPd4fCQYGXB3aTUY7XNt2A41EGwwdCJdqQvOjXp1ySwLptvifOYA/EvlViJfFgjDeU5DaSEeB+2V1/BY6oMHA==",
      "dependencies": [
        "@digitalbazaar/credentials-context",
        "jsonld",
        "jsonld-signatures"
      ]
    },
    "@noble/ed25519@1.7.5": {
      "integrity": "sha512-xuS0nwRMQBvSxDa7UxMb61xTiH3MxTgUfhyPUALVIe0FlOAz4sjELwyDRyUvqeEYfRSG9qNjFIycqLZppg4RSA=="
    },
    "@pdf-lib/fontkit@1.1.1": {
      "integrity": "sha512-KjMd7grNapIWS/Dm0gvfHEilSyAmeLvrEGVcqLGi0VYebuqqzTbgF29efCx7tvx+IEbG3zQciRSWl3GkUSvjZg==",
      "dependencies": [
        "pako"
      ]
    },
    "@pdf-lib/standard-fonts@1.0.0": {
      "integrity": "sha512-hU30BK9IUN/su0Mn9VdlVKsWBS6GyhVfqjwl1FjZN4TxP6cCw0jP2w7V3Hf5uX7M0AZJ16vey9yE0ny7Sa59ZA==",
      "dependencies": [
        "pako"
      ]
    },
    "@pdf-lib/upng@1.0.1": {
      "integrity": "sha512-dQK2FUMQtowVP00mtIksrlZhdFXQZPC+taih1q4CvPZ5vqdxR/LKBaFg0oAfzd1GlHZXXSPdQfzQnt+ViGvEIQ==",
      "dependencies": [
        "pako"
      ]
    },
    "ansi-regex@5.0.1": {
      "integrity": "sha512-quJQXlTSUGL2LH9SUXo8VwsY4soanhgo6LNSm84E1LBcE8s3O0wpdiRzyR9z/ZZJMlMWv37qOOb9pdJlMUEKFQ=="
    },
    "ansi-styles@4.3.0": {
      "integrity": "sha512-zbB9rCJAT1rbjiVDb2hqKFHNYLxgtk8NURxZ3IZwD3F6NtxbXZQCnnSi1Lkx+IDohdPlFp222wVALIheZJQSEg==",
      "dependencies": [
        "color-convert"
      ]
    },
    "base58-universal@2.0.0": {
      "integrity": "sha512-BgkgF8zVLOAygszG4W8NkLm7iXrw80VYAOcedrzANrIhS14+4W6zVqjyGTFUBM/FpqkHUt8aAYd4DbBBfn3zKg=="
    },
    "base64url-universal@2.0.0": {
      "integrity": "sha512-6Hpg7EBf3t148C3+fMzjf+CHnADVDafWzlJUXAqqqbm4MKNXbsoPdOkWeRTjNlkYG7TpyjIpRO1Gk0SnsFD1rw==",
      "dependencies": [
        "base64url"
      ]
    },
    "base64url@3.0.1": {
      "integrity": "sha512-ir1UPr3dkwexU7FdV8qBBbNDRUhMmIekYMFZfi+C/sLNnRESKPl23nB9b2pltqfOQNnGzsDdId90AEtG5tCx4A=="
    },
    "camelcase@5.3.1": {
      "integrity": "sha512-L28STB170nwWS63UjtlEOE3dldQApaJXZkOI1uMFfzf3rRuPegHaHesyee+YxQ+W6SvRDQV6UrdOdRiR153wJg=="
    },
    "canonicalize@2.1.0": {
      "integrity": "sha512-F705O3xrsUtgt98j7leetNhTWPe+5S72rlL5O4jA1pKqBVQ/dT1O1D6PFxmSXvc0SUOinWS57DKx0I3CHrXJHQ==",
      "bin": true
    },
    "cliui@6.0.0": {
      "integrity": "sha512-t6wbgtoCXvAzst7QgXxJYqPt0usEfbgQdftEPbLL/cvv6HPE5VgvqCuAIDR0NgU52ds6rFwqrgakNLrHEjCbrQ==",
      "dependencies": [
        "string-width",
        "strip-ansi",
        "wrap-ansi"
      ]
    },
    "color-convert@2.0.1": {
      "integrity": "sha512-RRECPsj7iu/xb5oKYcsFHSppFNnsj/52OVTRKb4zP5onXwVF3zVmmToNcOfGC+CRDpfK/U584fMg38ZHCaElKQ==",
      "dependencies": [
        "color-name"
      ]
    },
    "color-name@1.1.4": {
      "integrity": "sha512-dOy+3AuW3a2wNbZHIuMZpTcgjGuLU/uBL/ubcZF9OXbDo8ff4O8yVp5Bf0efS8uEoYo5q4Fx7dY9OgQGXgAsQA=="
    },
    "decamelize@1.2.0": {
      "integrity": "sha512-z2S+W9X73hAUUki+N+9Za2lBlun89zigOyGrsax+KUQ6wKW4ZoWpEYBkGhQjwAjjDCkWxhY0VKEhk8wzY7F5cA=="
    },
    "dijkstrajs@1.0.3": {
      "integrity": "sha512-qiSlmBq9+BCdCA/L46dw8Uy93mloxsPSbwnm5yrKn2vMPiy8KyAskTF6zuV/j5BMsmOGZDPs7KjU+mjb670kfA=="
    },
    "emoji-regex@8.0.0": {
      "integrity": "sha512-MSjYzcWNOA0ewAHpz0MxpYFvwg6yjy1NG3xteoqz644VCo/RPgnr1/GGt+ic3iJTzQ8Eu3TdM14SawnVUmGE6A=="
    },
    "find-up@4.1.0": {
      "integrity": "sha512-PpOwAdQ/YlXQ2vj8a3h8IipDuYRi3wceVQQGYWxNINccq40Anw7BlsEXCMbt1Zt+OLA6Fq9suIpIWD0OsnISlw==",
      "dependencies": [
        "locate-path",
        "path-exists"
      ]
    },
    "get-caller-file@2.0.5": {
      "integrity": "sha512-DyFP3BM/3YHTQOCUL/w0OZHR0lpKeGrxotcHWcqNEdnltqFwXVfhEBQ94eIo34AfQpo0rGki4cyIiftY06h2Fg=="
    },
    "is-fullwidth-code-point@3.0.0": {
      "integrity": "sha512-zymm5+u+sCsSWyD9qNaejV3DFvhCKclKdizYaJUuHA83RLjb7nSuGnddCHGv0hk+KY7BMAlsWeK4Ueg6EV6XQg=="
    },
    "jsonld-signatures@11.6.0": {
      "integrity": "sha512-hzYNZXnfy4cUFf9aiFBtduUz+cknbfBLWtTKvoqVyP2ECPwqfsfkHWFlhccWfAKV/LJkPLyKZRwC1B4T5LO4ZQ==",
      "dependencies": [
        "@digitalbazaar/security-context",
        "jsonld",
        "rdf-canonize",
        "serialize-error"
      ]
    },
    "jsonld@9.0.0": {
      "integrity": "sha512-pjMIdkXfC1T2wrX9B9i2uXhGdyCmgec3qgMht+TDj+S0qX3bjWMQUfL7NeqEhuRTi8G5ESzmL9uGlST7nzSEWg==",
      "dependencies": [
        "@digitalbazaar/http-client",
        "canonicalize",
        "lru-cache",
        "rdf-canonize"
      ]
    },
    "ky@1.14.3": {
      "integrity": "sha512-9zy9lkjac+TR1c2tG+mkNSVlyOpInnWdSMiue4F+kq8TwJSgv6o8jhLRg8Ho6SnZ9wOYUq/yozts9qQCfk7bIw=="
    },
    "locate-path@5.0.0": {
      "integrity": "sha512-t7hw9pI+WvuwNJXwk5zVHpyhIqzg2qTlklJOf0mVxGSbe3Fp2VieZcduNYjaLDoy6p9uGpQEGWG87WpMKlNq8g==",
      "dependencies": [
        "p-locate"
      ]
    },
    "lru-cache@6.0.0": {
      "integrity": "sha512-Jo6dJ04CmSjuznwJSS3pUeWmd/H0ffTlkXXgwZi+eq1UCmqQwCh+eLsYOYCwY991i2Fah4h1BEMCx4qThGbsiA==",
      "dependencies": [
        "yallist"
      ]
    },
    "p-limit@2.3.0": {
      "integrity": "sha512-//88mFWSJx8lxCzwdAABTJL2MyWB12+eIY7MDL2SqLmAkeKU9qxRvWuSyTjm3FUmpBEMuFfckAIqEaVGUDxb6w==",
      "dependencies": [
        "p-try"
      ]
    },
    "p-locate@4.1.0": {
      "integrity": "sha512-R79ZZ/0wAxKGu3oYMlz8jy/kbhsNrS7SKZ7PxEHBgJ5+F2mtFW2fK2cOtBh1cHYkQsbzFV7I+EoRKe6Yt0oK7A==",
      "dependencies": [
        "p-limit"
      ]
    },
    "p-try@2.2.0": {
      "integrity": "sha512-R4nPAVTAU0B9D35/Gk3uJf/7XYbQcyohSKdvAxIRSNghFl4e71hVoGnBNQz9cWaXxO2I10KTC+3jMdvvoKw6dQ=="
    },
    "pako@1.0.11": {
      "integrity": "sha512-4hLB8Py4zZce5s4yd9XzopqwVv/yGNhV1Bl8NTmCq1763HeK2+EwVTv+leGeL13Dnh2wfbqowVPXCIO0z4taYw=="
    },
    "path-exists@4.0.0": {
      "integrity": "sha512-ak9Qy5Q7jYb2Wwcey5Fpvg2KoAc/ZIhLSLOSBmRmygPsGwkVVt0fZa0qrtMz+m6tJTAHfZQ8FnmB4MG4LWy7/w=="
    },
    "pdf-lib@1.17.1": {
      "integrity": "sha512-V/mpyJAoTsN4cnP31vc0wfNA1+p20evqqnap0KLoRUN0Yk/p3wN52DOEsL4oBFcLdb76hlpKPtzJIgo67j/XLw==",
      "dependencies": [
        "@pdf-lib/standard-fonts",
        "@pdf-lib/upng",
        "pako",
        "tslib"
      ]
    },
    "pngjs@5.0.0": {
      "integrity": "sha512-40QW5YalBNfQo5yRYmiw7Yz6TKKVr3h6970B2YE+3fQpsWcrbj1PzJgxeJ19DRQjhMbKPIuMY8rFaXc8moolVw=="
    },
    "qrcode@1.5.4": {
      "integrity": "sha512-1ca71Zgiu6ORjHqFBDpnSMTR2ReToX4l1Au1VFLyVeBTFavzQnv5JxMFr3ukHVKpSrSA2MCk0lNJSykjUfz7Zg==",
      "dependencies": [
        "dijkstrajs",
        "pngjs",
        "yargs"
      ],
      "bin": true
    },
    "rdf-canonize@5.0.0": {
      "integrity": "sha512-g8OUrgMXAR9ys/ZuJVfBr05sPPoMA7nHIVs8VEvg9QwM5W4GR2qSFEEHjsyHF1eWlBaf8Ev40WNjQFQ+nJTO3w==",
      "dependencies": [
        "setimmediate"
      ]
    },
    "require-directory@2.1.1": {
      "integrity": "sha512-fGxEI7+wsG9xrvdjsrlmL22OMTTiHRwAMroiEeMgq8gzoLC/PQr7RsRDSTLUg/bZAZtF+TVIkHc6/4RIKrui+Q=="
    },
    "require-main-filename@2.0.0": {
      "integrity": "sha512-NKN5kMDylKuldxYLSUfrbo5Tuzh4hd+2E8NPPX02mZtn1VuREQToYe/ZdlJy+J3uCpfaiGF05e7B8W0iXbQHmg=="
    },
    "serialize-error@8.1.0": {
      "integrity": "sha512-3NnuWfM6vBYoy5gZFvHiYsVbafvI9vZv/+jlIigFn4oP4zjNPK3LhcY0xSCgeb1a5L8jO71Mit9LlNoi2UfDDQ==",
      "dependencies": [
        "type-fest"
      ]
    },
    "set-blocking@2.0.0": {
      "integrity": "sha512-KiKBS8AnWGEyLzofFfmvKwpdPzqiy16LvQfK3yv/fVH7Bj13/wl3JSR1J+rfgRE9q7xUJK4qvgS8raSOeLUehw=="
    },
    "setimmediate@1.0.5": {
      "integrity": "sha512-MATJdZp8sLqDl/68LfQmbP8zKPLQNV6BIZoIgrscFDQ+RsvK/BxeDQOgyxKKoh0y/8h3BqVFnCqQ/gd+reiIXA=="
    },
    "string-width@4.2.3": {
      "integrity": "sha512-wKyQRQpjJ0sIp62ErSZdGsjMJWsap5oRNihHhu6G7JVO/9jIB6UyevL+tXuOqrng8j/cxKTWyWUwvSTriiZz/g==",
      "dependencies": [
        "emoji-regex",
        "is-fullwidth-code-point",
        "strip-ansi"
      ]
    },
    "strip-ansi@6.0.1": {
      "integrity": "sha512-Y38VPSHcqkFrCpFnQ9vuSXmquuv5oXOKpGeT6aGrr3o3Gc9AlVa6JBfUSOCnbxGGZF+/0ooI7KrPuUSztUdU5A==",
      "dependencies": [
        "ansi-regex"
      ]
    },
    "tslib@1.14.1": {
      "integrity": "sha512-Xni35NKzjgMrwevysHTCArtLDpPvye8zV/0E4EyYn43P7/7qvQwPh9BGkHewbMulVntbigmcT7rdX3BNo9wRJg=="
    },
    "type-fest@0.20.2": {
      "integrity": "sha512-Ne+eE4r0/iWnpAxD852z3A+N0Bt5RN//NjJwRd2VFHEmrywxf5vsZlh4R6lixl6B+wz/8d+maTSAkN1FIkI3LQ=="
    },
    "undici@6.25.0": {
      "integrity": "sha512-ZgpWDC5gmNiuY9CnLVXEH8rl50xhRCuLNA97fAUnKi8RRuV4E6KG31pDTsLVUKnohJE0I3XDrTeEydAXRw47xg=="
    },
    "which-module@2.0.1": {
      "integrity": "sha512-iBdZ57RDvnOR9AGBhML2vFZf7h8vmBjhoaZqODJBFWHVtKkDmKuHai3cx5PgVMrX5YDNp27AofYbAwctSS+vhQ=="
    },
    "wrap-ansi@6.2.0": {
      "integrity": "sha512-r6lPcBGxZXlIcymEu7InxDMhdW0KDxpLgoFLcguasxCaJ/SOIZwINatK9KY/tf+ZrlywOKU0UDj3ATXUBfxJXA==",
      "dependencies": [
        "ansi-styles",
        "string-width",
        "strip-ansi"
      ]
    },
    "y18n@4.0.3": {
      "integrity": "sha512-JKhqTOwSrqNA1NY5lSztJ1GrBiUodLMmIZuLiDaMRJ+itFd+ABVE8XBjOvIWL+rSqNDC74LCSFmlb/U4UZ4hJQ=="
    },
    "yallist@4.0.0": {
      "integrity": "sha512-3wdGidZyq5PB084XLES5TpOSRA3wjXAlIWMhum2kRcv/41Sn2emQ0dycQW4uZXLejwKvg6EsvbdlVL+FYEct7A=="
    },
    "yargs-parser@18.1.3": {
      "integrity": "sha512-o50j0JeToy/4K6OZcaQmW6lyXXKhq7csREXcDwk2omFPJEwUNOVtJKvmDr9EI1fAJZUyZcRF7kxGBWmRXudrCQ==",
      "dependencies": [
        "camelcase",
        "decamelize"
      ]
    },
    "yargs@15.4.1": {
      "integrity": "sha512-aePbxDmcYW++PaqBsJ+HYUFwCdv4LVvdnhBy78E57PIor8/OVvhMrADFFEDh8DHDFRv/O9i3lPhsENjO7QX0+A==",
      "dependencies": [
        "cliui",
        "decamelize",
        "find-up",
        "get-caller-file",
        "require-directory",
        "require-main-filename",
        "set-blocking",
        "string-width",
        "which-module",
        "y18n",
        "yargs-parser"
      ]
    }
  },
  "workspace": {
    "dependencies": [
      "npm:@digitalbazaar/data-integrity@^2.5.0",
      "npm:@digitalbazaar/ed25519-multikey@^1.3.1",
      "npm:@digitalbazaar/eddsa-rdfc-2022-cryptosuite@^1.1.0",
      "npm:@digitalbazaar/vc@^7.1.2",
      "npm:@pdf-lib/fontkit@^1.1.1",
      "npm:pdf-lib@^1.17.1",
      "npm:qrcode@^1.5.4"
    ],
    "members": {
      "engine": {
        "dependencies": [
          "npm:@digitalbazaar/data-integrity@^2.5.0",
          "npm:@digitalbazaar/ed25519-multikey@^1.3.1",
          "npm:@digitalbazaar/eddsa-rdfc-2022-cryptosuite@^1.1.0",
          "npm:@digitalbazaar/vc@^7.1.2",
          "npm:@pdf-lib/fontkit@^1.1.1",
          "npm:pdf-lib@^1.17.1",
          "npm:qrcode@^1.5.4"
        ]
      }
    }
  }
}
